
Microsoft Visual Studio Solution File, Format Version 12.00
# Visual Studio 14
VisualStudioVersion = 14.0.24720.0
MinimumVisualStudioVersion = 10.0.40219.1
Project("{FAE04EC0-301F-11D3-BF4B-00C04F79EFBC}") = "Assignment03", "Assignment03\Assignment03.csproj", "{DA00523D-6F04-4386-A3B7-A7A3C952FE7E}"
EndProject
Global
	GlobalSection(SolutionConfigurationPlatforms) = preSolution
		Debug|Any CPU = Debug|Any CPU
		Release|Any CPU = Release|Any CPU
	EndGlobalSection
	GlobalSection(ProjectConfigurationPlatforms) = postSolution
		{DA00523D-6F04-4386-A3B7-A7A3C952FE7E}.Debug|Any CPU.ActiveCfg = Debug|Any CPU
		{DA00523D-6F04-4386-A3B7-A7A3C952FE7E}.Debug|Any CPU.Build.0 = Debug|Any CPU
		{DA00523D-6F04-4386-A3B7-A7A3C952FE7E}.Release|Any CPU.ActiveCfg = Release|Any CPU
		{DA00523D-6F04-4386-A3B7-A7A3C952FE7E}.Release|Any CPU.Build.0 = Release|Any CPU
	EndGlobalSection
	GlobalSection(SolutionProperties) = preSolution
		HideSolutionNode = FALSE
	EndGlobalSection
EndGlobal
