
Microsoft Visual Studio Solution File, Format Version 12.00
# Visual Studio 14
VisualStudioVersion = 14.0.24720.0
MinimumVisualStudioVersion = 10.0.40219.1
Project("{FAE04EC0-301F-11D3-BF4B-00C04F79EFBC}") = "Assignment04", "Assignment04\Assignment04.csproj", "{D0BB704D-F0F2-4C18-A90E-86CEEBD74D92}"
EndProject
Global
	GlobalSection(SolutionConfigurationPlatforms) = preSolution
		Debug|Any CPU = Debug|Any CPU
		Release|Any CPU = Release|Any CPU
	EndGlobalSection
	GlobalSection(ProjectConfigurationPlatforms) = postSolution
		{D0BB704D-F0F2-4C18-A90E-86CEEBD74D92}.Debug|Any CPU.ActiveCfg = Debug|Any CPU
		{D0BB704D-F0F2-4C18-A90E-86CEEBD74D92}.Debug|Any CPU.Build.0 = Debug|Any CPU
		{D0BB704D-F0F2-4C18-A90E-86CEEBD74D92}.Release|Any CPU.ActiveCfg = Release|Any CPU
		{D0BB704D-F0F2-4C18-A90E-86CEEBD74D92}.Release|Any CPU.Build.0 = Release|Any CPU
	EndGlobalSection
	GlobalSection(SolutionProperties) = preSolution
		HideSolutionNode = FALSE
	EndGlobalSection
EndGlobal
